
Microsoft Visual Studio Solution File, Format Version 12.00
# Visual Studio 2012
Project("{FAE04EC0-301F-11D3-BF4B-00C04F79EFBC}") = "SKTest", "SKTest\SKTest.csproj", "{1B1D918B-B095-47F5-A1F9-1582EE52B380}"
EndProject
Project("{FAE04EC0-301F-11D3-BF4B-00C04F79EFBC}") = "SKTest.Droid", "Droid\SKTest.Droid.csproj", "{0AD84E6B-08B0-4863-A370-8B3A7784E461}"
EndProject
Project("{FAE04EC0-301F-11D3-BF4B-00C04F79EFBC}") = "SKTest.UITests", "UITests\SKTest.UITests.csproj", "{47A80C97-FF99-418A-8706-E582DDFDC356}"
EndProject
Global
	GlobalSection(SolutionConfigurationPlatforms) = preSolution
		Debug|Any CPU = Debug|Any CPU
		Release|Any CPU = Release|Any CPU
	EndGlobalSection
	GlobalSection(ProjectConfigurationPlatforms) = postSolution
		{0AD84E6B-08B0-4863-A370-8B3A7784E461}.Debug|Any CPU.ActiveCfg = Debug|Any CPU
		{0AD84E6B-08B0-4863-A370-8B3A7784E461}.Debug|Any CPU.Build.0 = Debug|Any CPU
		{0AD84E6B-08B0-4863-A370-8B3A7784E461}.Release|Any CPU.ActiveCfg = Release|Any CPU
		{0AD84E6B-08B0-4863-A370-8B3A7784E461}.Release|Any CPU.Build.0 = Release|Any CPU
		{1B1D918B-B095-47F5-A1F9-1582EE52B380}.Debug|Any CPU.ActiveCfg = Debug|Any CPU
		{1B1D918B-B095-47F5-A1F9-1582EE52B380}.Debug|Any CPU.Build.0 = Debug|Any CPU
		{1B1D918B-B095-47F5-A1F9-1582EE52B380}.Release|Any CPU.ActiveCfg = Release|Any CPU
		{1B1D918B-B095-47F5-A1F9-1582EE52B380}.Release|Any CPU.Build.0 = Release|Any CPU
		{47A80C97-FF99-418A-8706-E582DDFDC356}.Debug|Any CPU.ActiveCfg = Debug|Any CPU
		{47A80C97-FF99-418A-8706-E582DDFDC356}.Debug|Any CPU.Build.0 = Debug|Any CPU
		{47A80C97-FF99-418A-8706-E582DDFDC356}.Release|Any CPU.ActiveCfg = Release|Any CPU
		{47A80C97-FF99-418A-8706-E582DDFDC356}.Release|Any CPU.Build.0 = Release|Any CPU
	EndGlobalSection
EndGlobal
